
Microsoft Visual Studio Solution File, Format Version 12.00
# Visual Studio 15
VisualStudioVersion = 15.0.26124.0
MinimumVisualStudioVersion = 15.0.26124.0
Project("{9A19103F-16F7-4668-BE54-9A1E7A4F7556}") = "CostControl.Domain", "CostControl.Domain\CostControl.Domain.csproj", "{F19FC07F-C75E-4DA5-A1E0-C83993FFF9A5}"
EndProject
Project("{9A19103F-16F7-4668-BE54-9A1E7A4F7556}") = "CostControl.Infra", "CostControl.Infra\CostControl.Infra.csproj", "{9FC495FA-8B8C-4FCE-9877-686DDD14237E}"
EndProject
Project("{9A19103F-16F7-4668-BE54-9A1E7A4F7556}") = "CostControl.Application", "CostControl.Application\CostControl.Application.csproj", "{5D16A1DB-DF13-43BF-BBA9-3DE0578AE2F4}"
EndProject
Project("{9A19103F-16F7-4668-BE54-9A1E7A4F7556}") = "CostControl.Tests", "CostControl.Tests\CostControl.Tests.csproj", "{3F999C68-84CA-47AF-95F9-A33C8592946E}"
EndProject
Project("{9A19103F-16F7-4668-BE54-9A1E7A4F7556}") = "CostControl.Shared", "CostControl.Shared\CostControl.Shared.csproj", "{37CE2E7A-4F4D-4082-878C-CD561184AD8E}"
EndProject
Project("{FAE04EC0-301F-11D3-BF4B-00C04F79EFBC}") = "CostControl.Api", "CostControl.Api\CostControl.Api.csproj", "{0939F750-4607-4659-9477-0724B5193929}"
EndProject
Global
	GlobalSection(SolutionConfigurationPlatforms) = preSolution
		Debug|Any CPU = Debug|Any CPU
		Debug|x64 = Debug|x64
		Debug|x86 = Debug|x86
		Release|Any CPU = Release|Any CPU
		Release|x64 = Release|x64
		Release|x86 = Release|x86
	EndGlobalSection
	GlobalSection(ProjectConfigurationPlatforms) = postSolution
		{F19FC07F-C75E-4DA5-A1E0-C83993FFF9A5}.Debug|Any CPU.ActiveCfg = Debug|Any CPU
		{F19FC07F-C75E-4DA5-A1E0-C83993FFF9A5}.Debug|Any CPU.Build.0 = Debug|Any CPU
		{F19FC07F-C75E-4DA5-A1E0-C83993FFF9A5}.Debug|x64.ActiveCfg = Debug|Any CPU
		{F19FC07F-C75E-4DA5-A1E0-C83993FFF9A5}.Debug|x64.Build.0 = Debug|Any CPU
		{F19FC07F-C75E-4DA5-A1E0-C83993FFF9A5}.Debug|x86.ActiveCfg = Debug|Any CPU
		{F19FC07F-C75E-4DA5-A1E0-C83993FFF9A5}.Debug|x86.Build.0 = Debug|Any CPU
		{F19FC07F-C75E-4DA5-A1E0-C83993FFF9A5}.Release|Any CPU.ActiveCfg = Release|Any CPU
		{F19FC07F-C75E-4DA5-A1E0-C83993FFF9A5}.Release|Any CPU.Build.0 = Release|Any CPU
		{F19FC07F-C75E-4DA5-A1E0-C83993FFF9A5}.Release|x64.ActiveCfg = Release|Any CPU
		{F19FC07F-C75E-4DA5-A1E0-C83993FFF9A5}.Release|x64.Build.0 = Release|Any CPU
		{F19FC07F-C75E-4DA5-A1E0-C83993FFF9A5}.Release|x86.ActiveCfg = Release|Any CPU
		{F19FC07F-C75E-4DA5-A1E0-C83993FFF9A5}.Release|x86.Build.0 = Release|Any CPU
		{9FC495FA-8B8C-4FCE-9877-686DDD14237E}.Debug|Any CPU.ActiveCfg = Debug|Any CPU
		{9FC495FA-8B8C-4FCE-9877-686DDD14237E}.Debug|Any CPU.Build.0 = Debug|Any CPU
		{9FC495FA-8B8C-4FCE-9877-686DDD14237E}.Debug|x64.ActiveCfg = Debug|Any CPU
		{9FC495FA-8B8C-4FCE-9877-686DDD14237E}.Debug|x64.Build.0 = Debug|Any CPU
		{9FC495FA-8B8C-4FCE-9877-686DDD14237E}.Debug|x86.ActiveCfg = Debug|Any CPU
		{9FC495FA-8B8C-4FCE-9877-686DDD14237E}.Debug|x86.Build.0 = Debug|Any CPU
		{9FC495FA-8B8C-4FCE-9877-686DDD14237E}.Release|Any CPU.ActiveCfg = Release|Any CPU
		{9FC495FA-8B8C-4FCE-9877-686DDD14237E}.Release|Any CPU.Build.0 = Release|Any CPU
		{9FC495FA-8B8C-4FCE-9877-686DDD14237E}.Release|x64.ActiveCfg = Release|Any CPU
		{9FC495FA-8B8C-4FCE-9877-686DDD14237E}.Release|x64.Build.0 = Release|Any CPU
		{9FC495FA-8B8C-4FCE-9877-686DDD14237E}.Release|x86.ActiveCfg = Release|Any CPU
		{9FC495FA-8B8C-4FCE-9877-686DDD14237E}.Release|x86.Build.0 = Release|Any CPU
		{5D16A1DB-DF13-43BF-BBA9-3DE0578AE2F4}.Debug|Any CPU.ActiveCfg = Debug|Any CPU
		{5D16A1DB-DF13-43BF-BBA9-3DE0578AE2F4}.Debug|Any CPU.Build.0 = Debug|Any CPU
		{5D16A1DB-DF13-43BF-BBA9-3DE0578AE2F4}.Debug|x64.ActiveCfg = Debug|Any CPU
		{5D16A1DB-DF13-43BF-BBA9-3DE0578AE2F4}.Debug|x64.Build.0 = Debug|Any CPU
		{5D16A1DB-DF13-43BF-BBA9-3DE0578AE2F4}.Debug|x86.ActiveCfg = Debug|Any CPU
		{5D16A1DB-DF13-43BF-BBA9-3DE0578AE2F4}.Debug|x86.Build.0 = Debug|Any CPU
		{5D16A1DB-DF13-43BF-BBA9-3DE0578AE2F4}.Release|Any CPU.ActiveCfg = Release|Any CPU
		{5D16A1DB-DF13-43BF-BBA9-3DE0578AE2F4}.Release|Any CPU.Build.0 = Release|Any CPU
		{5D16A1DB-DF13-43BF-BBA9-3DE0578AE2F4}.Release|x64.ActiveCfg = Release|Any CPU
		{5D16A1DB-DF13-43BF-BBA9-3DE0578AE2F4}.Release|x64.Build.0 = Release|Any CPU
		{5D16A1DB-DF13-43BF-BBA9-3DE0578AE2F4}.Release|x86.ActiveCfg = Release|Any CPU
		{5D16A1DB-DF13-43BF-BBA9-3DE0578AE2F4}.Release|x86.Build.0 = Release|Any CPU
		{3F999C68-84CA-47AF-95F9-A33C8592946E}.Debug|Any CPU.ActiveCfg = Debug|Any CPU
		{3F999C68-84CA-47AF-95F9-A33C8592946E}.Debug|Any CPU.Build.0 = Debug|Any CPU
		{3F999C68-84CA-47AF-95F9-A33C8592946E}.Debug|x64.ActiveCfg = Debug|Any CPU
		{3F999C68-84CA-47AF-95F9-A33C8592946E}.Debug|x64.Build.0 = Debug|Any CPU
		{3F999C68-84CA-47AF-95F9-A33C8592946E}.Debug|x86.ActiveCfg = Debug|Any CPU
		{3F999C68-84CA-47AF-95F9-A33C8592946E}.Debug|x86.Build.0 = Debug|Any CPU
		{3F999C68-84CA-47AF-95F9-A33C8592946E}.Release|Any CPU.ActiveCfg = Release|Any CPU
		{3F999C68-84CA-47AF-95F9-A33C8592946E}.Release|Any CPU.Build.0 = Release|Any CPU
		{3F999C68-84CA-47AF-95F9-A33C8592946E}.Release|x64.ActiveCfg = Release|Any CPU
		{3F999C68-84CA-47AF-95F9-A33C8592946E}.Release|x64.Build.0 = Release|Any CPU
		{3F999C68-84CA-47AF-95F9-A33C8592946E}.Release|x86.ActiveCfg = Release|Any CPU
		{3F999C68-84CA-47AF-95F9-A33C8592946E}.Release|x86.Build.0 = Release|Any CPU
		{37CE2E7A-4F4D-4082-878C-CD561184AD8E}.Debug|Any CPU.ActiveCfg = Debug|Any CPU
		{37CE2E7A-4F4D-4082-878C-CD561184AD8E}.Debug|Any CPU.Build.0 = Debug|Any CPU
		{37CE2E7A-4F4D-4082-878C-CD561184AD8E}.Debug|x64.ActiveCfg = Debug|Any CPU
		{37CE2E7A-4F4D-4082-878C-CD561184AD8E}.Debug|x64.Build.0 = Debug|Any CPU
		{37CE2E7A-4F4D-4082-878C-CD561184AD8E}.Debug|x86.ActiveCfg = Debug|Any CPU
		{37CE2E7A-4F4D-4082-878C-CD561184AD8E}.Debug|x86.Build.0 = Debug|Any CPU
		{37CE2E7A-4F4D-4082-878C-CD561184AD8E}.Release|Any CPU.ActiveCfg = Release|Any CPU
		{37CE2E7A-4F4D-4082-878C-CD561184AD8E}.Release|Any CPU.Build.0 = Release|Any CPU
		{37CE2E7A-4F4D-4082-878C-CD561184AD8E}.Release|x64.ActiveCfg = Release|Any CPU
		{37CE2E7A-4F4D-4082-878C-CD561184AD8E}.Release|x64.Build.0 = Release|Any CPU
		{37CE2E7A-4F4D-4082-878C-CD561184AD8E}.Release|x86.ActiveCfg = Release|Any CPU
		{37CE2E7A-4F4D-4082-878C-CD561184AD8E}.Release|x86.Build.0 = Release|Any CPU
		{0939F750-4607-4659-9477-0724B5193929}.Debug|Any CPU.ActiveCfg = Debug|Any CPU
		{0939F750-4607-4659-9477-0724B5193929}.Debug|Any CPU.Build.0 = Debug|Any CPU
		{0939F750-4607-4659-9477-0724B5193929}.Debug|x64.ActiveCfg = Debug|Any CPU
		{0939F750-4607-4659-9477-0724B5193929}.Debug|x64.Build.0 = Debug|Any CPU
		{0939F750-4607-4659-9477-0724B5193929}.Debug|x86.ActiveCfg = Debug|Any CPU
		{0939F750-4607-4659-9477-0724B5193929}.Debug|x86.Build.0 = Debug|Any CPU
		{0939F750-4607-4659-9477-0724B5193929}.Release|Any CPU.ActiveCfg = Release|Any CPU
		{0939F750-4607-4659-9477-0724B5193929}.Release|Any CPU.Build.0 = Release|Any CPU
		{0939F750-4607-4659-9477-0724B5193929}.Release|x64.ActiveCfg = Release|Any CPU
		{0939F750-4607-4659-9477-0724B5193929}.Release|x64.Build.0 = Release|Any CPU
		{0939F750-4607-4659-9477-0724B5193929}.Release|x86.ActiveCfg = Release|Any CPU
		{0939F750-4607-4659-9477-0724B5193929}.Release|x86.Build.0 = Release|Any CPU
	EndGlobalSection
	GlobalSection(SolutionProperties) = preSolution
		HideSolutionNode = FALSE
	EndGlobalSection
	GlobalSection(ExtensibilityGlobals) = postSolution
		SolutionGuid = {0A7FBBB2-AB5E-428D-9C89-13FFB7968896}
	EndGlobalSection
EndGlobal
